// !$*UTF8*$!
{
	archiveVersion = 1;
	classes = {
	};
	objectVersion = 46;
	objects = {

/* Begin PBXBuildFile section */
		C601F059B3DEE60B272FF0EC /* Pods_SRVendor.framework in Frameworks */ = {isa = PBXBuildFile; fileRef = B79B64B6180C3BD57202A35B /* Pods_SRVendor.framework */; };
		F642923E1D06C88D0096C36C /* AppResource.h in Headers */ = {isa = PBXBuildFile; fileRef = F64291E41D06C88D0096C36C /* AppResource.h */; };
		F642923F1D06C88D0096C36C /* AppResource.m in Sources */ = {isa = PBXBuildFile; fileRef = F64291E51D06C88D0096C36C /* AppResource.m */; };
		F64292401D06C88D0096C36C /* CKStringUtils.h in Headers */ = {isa = PBXBuildFile; fileRef = F64291E71D06C88D0096C36C /* CKStringUtils.h */; };
		F64292411D06C88D0096C36C /* CKStringUtils.m in Sources */ = {isa = PBXBuildFile; fileRef = F64291E81D06C88D0096C36C /* CKStringUtils.m */; };
		F64292421D06C88D0096C36C /* LICENSE.txt in Resources */ = {isa = PBXBuildFile; fileRef = F64291EA1D06C88D0096C36C /* LICENSE.txt */; };
		F64292431D06C88D0096C36C /* NSDictionary+STHelper-Prefix.pch in Headers */ = {isa = PBXBuildFile; fileRef = F64291EB1D06C88D0096C36C /* NSDictionary+STHelper-Prefix.pch */; };
		F64292441D06C88D0096C36C /* NSDictionary+STHelper.h in Headers */ = {isa = PBXBuildFile; fileRef = F64291EC1D06C88D0096C36C /* NSDictionary+STHelper.h */; };
		F64292451D06C88D0096C36C /* NSDictionary+STHelper.m in Sources */ = {isa = PBXBuildFile; fileRef = F64291ED1D06C88D0096C36C /* NSDictionary+STHelper.m */; };
		F64292461D06C88D0096C36C /* NSMutableDictionary+STHelper.h in Headers */ = {isa = PBXBuildFile; fileRef = F64291EE1D06C88D0096C36C /* NSMutableDictionary+STHelper.h */; };
		F64292471D06C88D0096C36C /* NSMutableDictionary+STHelper.m in Sources */ = {isa = PBXBuildFile; fileRef = F64291EF1D06C88D0096C36C /* NSMutableDictionary+STHelper.m */; };
		F64292481D06C88D0096C36C /* LICENSE in Resources */ = {isa = PBXBuildFile; fileRef = F64291F21D06C88D0096C36C /* LICENSE */; };
		F64292491D06C88D0096C36C /* SSKeychain.h in Headers */ = {isa = PBXBuildFile; fileRef = F64291F31D06C88D0096C36C /* SSKeychain.h */; };
		F642924A1D06C88D0096C36C /* SSKeychain.m in Sources */ = {isa = PBXBuildFile; fileRef = F64291F41D06C88D0096C36C /* SSKeychain.m */; };
		F642924B1D06C88D0096C36C /* NSDictionary+SRHelper.h in Headers */ = {isa = PBXBuildFile; fileRef = F64291F71D06C88D0096C36C /* NSDictionary+SRHelper.h */; };
		F642924C1D06C88D0096C36C /* NSDictionary+SRHelper.m in Sources */ = {isa = PBXBuildFile; fileRef = F64291F81D06C88D0096C36C /* NSDictionary+SRHelper.m */; };
		F642924D1D06C88D0096C36C /* SRCategoryService.h in Headers */ = {isa = PBXBuildFile; fileRef = F64291FB1D06C88D0096C36C /* SRCategoryService.h */; };
		F642924E1D06C88D0096C36C /* SRCategoryService.m in Sources */ = {isa = PBXBuildFile; fileRef = F64291FC1D06C88D0096C36C /* SRCategoryService.m */; };
		F642924F1D06C88D0096C36C /* SRBrokeService.h in Headers */ = {isa = PBXBuildFile; fileRef = F64291FE1D06C88D0096C36C /* SRBrokeService.h */; };
		F64292501D06C88D0096C36C /* SRBrokeService.m in Sources */ = {isa = PBXBuildFile; fileRef = F64291FF1D06C88D0096C36C /* SRBrokeService.m */; };
		F64292511D06C88D0096C36C /* SRContentService.h in Headers */ = {isa = PBXBuildFile; fileRef = F64292011D06C88D0096C36C /* SRContentService.h */; };
		F64292521D06C88D0096C36C /* SRContentService.m in Sources */ = {isa = PBXBuildFile; fileRef = F64292021D06C88D0096C36C /* SRContentService.m */; };
		F64292531D06C88D0096C36C /* SRDataException.h in Headers */ = {isa = PBXBuildFile; fileRef = F64292041D06C88D0096C36C /* SRDataException.h */; };
		F64292541D06C88D0096C36C /* SRDataException.m in Sources */ = {isa = PBXBuildFile; fileRef = F64292051D06C88D0096C36C /* SRDataException.m */; };
		F64292551D06C88D0096C36C /* SRHomeService.h in Headers */ = {isa = PBXBuildFile; fileRef = F64292071D06C88D0096C36C /* SRHomeService.h */; };
		F64292561D06C88D0096C36C /* SRHomeService.m in Sources */ = {isa = PBXBuildFile; fileRef = F64292081D06C88D0096C36C /* SRHomeService.m */; };
		F64292571D06C88D0096C36C /* SRMemberService.h in Headers */ = {isa = PBXBuildFile; fileRef = F642920A1D06C88D0096C36C /* SRMemberService.h */; };
		F64292581D06C88D0096C36C /* SRMemberService.m in Sources */ = {isa = PBXBuildFile; fileRef = F642920B1D06C88D0096C36C /* SRMemberService.m */; };
		F64292591D06C88D0096C36C /* SRActivityService.h in Headers */ = {isa = PBXBuildFile; fileRef = F642920D1D06C88D0096C36C /* SRActivityService.h */; };
		F642925A1D06C88D0096C36C /* SRActivityService.m in Sources */ = {isa = PBXBuildFile; fileRef = F642920E1D06C88D0096C36C /* SRActivityService.m */; };
		F642925B1D06C88D0096C36C /* SRPm9Service.h in Headers */ = {isa = PBXBuildFile; fileRef = F642920F1D06C88D0096C36C /* SRPm9Service.h */; };
		F642925C1D06C88D0096C36C /* SRPm9Service.m in Sources */ = {isa = PBXBuildFile; fileRef = F64292101D06C88D0096C36C /* SRPm9Service.m */; };
		F642925D1D06C88D0096C36C /* SRProductService.h in Headers */ = {isa = PBXBuildFile; fileRef = F64292121D06C88D0096C36C /* SRProductService.h */; };
		F642925E1D06C88D0096C36C /* SRProductService.m in Sources */ = {isa = PBXBuildFile; fileRef = F64292131D06C88D0096C36C /* SRProductService.m */; };
		F642925F1D06C88D0096C36C /* SRPublicTestService.h in Headers */ = {isa = PBXBuildFile; fileRef = F64292151D06C88D0096C36C /* SRPublicTestService.h */; };
		F64292601D06C88D0096C36C /* SRPublicTestService.m in Sources */ = {isa = PBXBuildFile; fileRef = F64292161D06C88D0096C36C /* SRPublicTestService.m */; };
		F64292611D06C88D0096C36C /* SRSkinTestService.h in Headers */ = {isa = PBXBuildFile; fileRef = F64292181D06C88D0096C36C /* SRSkinTestService.h */; };
		F64292621D06C88D0096C36C /* SRSkinTestService.m in Sources */ = {isa = PBXBuildFile; fileRef = F64292191D06C88D0096C36C /* SRSkinTestService.m */; };
		F64292631D06C88D0096C36C /* SRDataDef.h in Headers */ = {isa = PBXBuildFile; fileRef = F642921A1D06C88D0096C36C /* SRDataDef.h */; };
		F64292641D06C88D0096C36C /* SRDataDef.m in Sources */ = {isa = PBXBuildFile; fileRef = F642921B1D06C88D0096C36C /* SRDataDef.m */; };
		F64292651D06C88D0096C36C /* SRDataManager.h in Headers */ = {isa = PBXBuildFile; fileRef = F642921C1D06C88D0096C36C /* SRDataManager.h */; };
		F64292661D06C88D0096C36C /* SRDataManager.m in Sources */ = {isa = PBXBuildFile; fileRef = F642921D1D06C88D0096C36C /* SRDataManager.m */; };
		F64292671D06C88D0096C36C /* SRWebService.h in Headers */ = {isa = PBXBuildFile; fileRef = F642921E1D06C88D0096C36C /* SRWebService.h */; };
		F64292681D06C88D0096C36C /* SRWebService.m in Sources */ = {isa = PBXBuildFile; fileRef = F642921F1D06C88D0096C36C /* SRWebService.m */; };
		F64292691D06C88D0096C36C /* SRTrainingPlan.h in Headers */ = {isa = PBXBuildFile; fileRef = F64292211D06C88D0096C36C /* SRTrainingPlan.h */; };
		F642926A1D06C88D0096C36C /* SRTrainingPlan.m in Sources */ = {isa = PBXBuildFile; fileRef = F64292221D06C88D0096C36C /* SRTrainingPlan.m */; };
		F642926B1D06C88D0096C36C /* SRCartService.h in Headers */ = {isa = PBXBuildFile; fileRef = F64292241D06C88D0096C36C /* SRCartService.h */; };
		F642926C1D06C88D0096C36C /* SRCartService.m in Sources */ = {isa = PBXBuildFile; fileRef = F64292251D06C88D0096C36C /* SRCartService.m */; };
		F642926D1D06C88D0096C36C /* SRWelfareService.h in Headers */ = {isa = PBXBuildFile; fileRef = F64292261D06C88D0096C36C /* SRWelfareService.h */; };
		F642926E1D06C88D0096C36C /* SRWelfareService.m in Sources */ = {isa = PBXBuildFile; fileRef = F64292271D06C88D0096C36C /* SRWelfareService.m */; };
		F642926F1D06C88D0096C36C /* SRKit.h in Headers */ = {isa = PBXBuildFile; fileRef = F64292281D06C88D0096C36C /* SRKit.h */; };
		F64292701D06C88D0096C36C /* RKSerialization.h in Headers */ = {isa = PBXBuildFile; fileRef = F642922A1D06C88D0096C36C /* RKSerialization.h */; };
		F64292711D06C88D0096C36C /* RKURLEncodedSerialization.h in Headers */ = {isa = PBXBuildFile; fileRef = F642922B1D06C88D0096C36C /* RKURLEncodedSerialization.h */; };
		F64292721D06C88D0096C36C /* RKURLEncodedSerialization.m in Sources */ = {isa = PBXBuildFile; fileRef = F642922C1D06C88D0096C36C /* RKURLEncodedSerialization.m */; };
		F64292731D06C88D0096C36C /* SRDeviceUtilties.h in Headers */ = {isa = PBXBuildFile; fileRef = F642922D1D06C88D0096C36C /* SRDeviceUtilties.h */; };
		F64292741D06C88D0096C36C /* SRDeviceUtilties.m in Sources */ = {isa = PBXBuildFile; fileRef = F642922E1D06C88D0096C36C /* SRDeviceUtilties.m */; };
		F64292751D06C88D0096C36C /* SRDictionaryUtilities.h in Headers */ = {isa = PBXBuildFile; fileRef = F642922F1D06C88D0096C36C /* SRDictionaryUtilities.h */; };
		F64292761D06C88D0096C36C /* SRDictionaryUtilities.m in Sources */ = {isa = PBXBuildFile; fileRef = F64292301D06C88D0096C36C /* SRDictionaryUtilities.m */; };
		F64292771D06C88D0096C36C /* CNavigationController.h in Headers */ = {isa = PBXBuildFile; fileRef = F64292321D06C88D0096C36C /* CNavigationController.h */; };
		F64292781D06C88D0096C36C /* CNavigationController.m in Sources */ = {isa = PBXBuildFile; fileRef = F64292331D06C88D0096C36C /* CNavigationController.m */; };
		F64292791D06C88D0096C36C /* CUIEnginer.h in Headers */ = {isa = PBXBuildFile; fileRef = F64292341D06C88D0096C36C /* CUIEnginer.h */; };
		F642927A1D06C88D0096C36C /* CUIEnginer.m in Sources */ = {isa = PBXBuildFile; fileRef = F64292351D06C88D0096C36C /* CUIEnginer.m */; };
		F642927B1D06C88D0096C36C /* CUIKit.h in Headers */ = {isa = PBXBuildFile; fileRef = F64292361D06C88D0096C36C /* CUIKit.h */; };
		F642927C1D06C88D0096C36C /* WCAlertView.h in Headers */ = {isa = PBXBuildFile; fileRef = F64292381D06C88D0096C36C /* WCAlertView.h */; };
		F642927D1D06C88D0096C36C /* WCAlertView.m in Sources */ = {isa = PBXBuildFile; fileRef = F64292391D06C88D0096C36C /* WCAlertView.m */; };
		F642927E1D06C88D0096C36C /* YALSunnyRefreshControl.h in Headers */ = {isa = PBXBuildFile; fileRef = F642923B1D06C88D0096C36C /* YALSunnyRefreshControl.h */; };
		F642927F1D06C88D0096C36C /* YALSunnyRefreshControl.m in Sources */ = {isa = PBXBuildFile; fileRef = F642923C1D06C88D0096C36C /* YALSunnyRefreshControl.m */; };
		F64292801D06C88D0096C36C /* YALSunnyRefreshControl.xib in Resources */ = {isa = PBXBuildFile; fileRef = F642923D1D06C88D0096C36C /* YALSunnyRefreshControl.xib */; };
		F64292841D06CA360096C36C /* AppConfig.h in Headers */ = {isa = PBXBuildFile; fileRef = F64292821D06CA360096C36C /* AppConfig.h */; };
		F64292851D06CA360096C36C /* AppConfig.m in Sources */ = {isa = PBXBuildFile; fileRef = F64292831D06CA360096C36C /* AppConfig.m */; };
		F676BAF91D051F3E0083A75D /* SRVendor.h in Headers */ = {isa = PBXBuildFile; fileRef = F676BAF81D051F3E0083A75D /* SRVendor.h */; settings = {ATTRIBUTES = (Public, ); }; };
		F676BAFF1D051F3E0083A75D /* SRVendor.framework in Frameworks */ = {isa = PBXBuildFile; fileRef = F676BAF31D051F3E0083A75D /* SRVendor.framework */; };
		F676BB061D051F3F0083A75D /* SRVendorTests.m in Sources */ = {isa = PBXBuildFile; fileRef = F676BB051D051F3F0083A75D /* SRVendorTests.m */; };
		F676BB111D051F7C0083A75D /* SRTest.h in Headers */ = {isa = PBXBuildFile; fileRef = F676BB0F1D051F7C0083A75D /* SRTest.h */; };
		F676BB121D051F7C0083A75D /* SRTest.m in Sources */ = {isa = PBXBuildFile; fileRef = F676BB101D051F7C0083A75D /* SRTest.m */; };
/* End PBXBuildFile section */

/* Begin PBXContainerItemProxy section */
		F676BB001D051F3F0083A75D /* PBXContainerItemProxy */ = {
			isa = PBXContainerItemProxy;
			containerPortal = F676BAEA1D051F3E0083A75D /* Project object */;
			proxyType = 1;
			remoteGlobalIDString = F676BAF21D051F3E0083A75D;
			remoteInfo = SRVendor;
		};
/* End PBXContainerItemProxy section */

/* Begin PBXFileReference section */
		A16E8B291F0FDBCE54862E3B /* Pods-SRVendor.debug.xcconfig */ = {isa = PBXFileReference; includeInIndex = 1; lastKnownFileType = text.xcconfig; name = "Pods-SRVendor.debug.xcconfig"; path = "Pods/Target Support Files/Pods-SRVendor/Pods-SRVendor.debug.xcconfig"; sourceTree = "<group>"; };
		B79B64B6180C3BD57202A35B /* Pods_SRVendor.framework */ = {isa = PBXFileReference; explicitFileType = wrapper.framework; includeInIndex = 0; path = Pods_SRVendor.framework; sourceTree = BUILT_PRODUCTS_DIR; };
		E908791D2DA5CA3A416868D8 /* Pods-SRVendor.release.xcconfig */ = {isa = PBXFileReference; includeInIndex = 1; lastKnownFileType = text.xcconfig; name = "Pods-SRVendor.release.xcconfig"; path = "Pods/Target Support Files/Pods-SRVendor/Pods-SRVendor.release.xcconfig"; sourceTree = "<group>"; };
		F64291E41D06C88D0096C36C /* AppResource.h */ = {isa = PBXFileReference; fileEncoding = 4; lastKnownFileType = sourcecode.c.h; path = AppResource.h; sourceTree = "<group>"; };
		F64291E51D06C88D0096C36C /* AppResource.m */ = {isa = PBXFileReference; fileEncoding = 4; lastKnownFileType = sourcecode.c.objc; path = AppResource.m; sourceTree = "<group>"; };
		F64291E71D06C88D0096C36C /* CKStringUtils.h */ = {isa = PBXFileReference; fileEncoding = 4; lastKnownFileType = sourcecode.c.h; path = CKStringUtils.h; sourceTree = "<group>"; };
		F64291E81D06C88D0096C36C /* CKStringUtils.m */ = {isa = PBXFileReference; fileEncoding = 4; lastKnownFileType = sourcecode.c.objc; path = CKStringUtils.m; sourceTree = "<group>"; };
		F64291EA1D06C88D0096C36C /* LICENSE.txt */ = {isa = PBXFileReference; fileEncoding = 4; lastKnownFileType = text; path = LICENSE.txt; sourceTree = "<group>"; };
		F64291EB1D06C88D0096C36C /* NSDictionary+STHelper-Prefix.pch */ = {isa = PBXFileReference; fileEncoding = 4; lastKnownFileType = sourcecode.c.h; path = "NSDictionary+STHelper-Prefix.pch"; sourceTree = "<group>"; };
		F64291EC1D06C88D0096C36C /* NSDictionary+STHelper.h */ = {isa = PBXFileReference; fileEncoding = 4; lastKnownFileType = sourcecode.c.h; path = "NSDictionary+STHelper.h"; sourceTree = "<group>"; };
		F64291ED1D06C88D0096C36C /* NSDictionary+STHelper.m */ = {isa = PBXFileReference; fileEncoding = 4; lastKnownFileType = sourcecode.c.objc; path = "NSDictionary+STHelper.m"; sourceTree = "<group>"; };
		F64291EE1D06C88D0096C36C /* NSMutableDictionary+STHelper.h */ = {isa = PBXFileReference; fileEncoding = 4; lastKnownFileType = sourcecode.c.h; path = "NSMutableDictionary+STHelper.h"; sourceTree = "<group>"; };
		F64291EF1D06C88D0096C36C /* NSMutableDictionary+STHelper.m */ = {isa = PBXFileReference; fileEncoding = 4; lastKnownFileType = sourcecode.c.objc; path = "NSMutableDictionary+STHelper.m"; sourceTree = "<group>"; };
		F64291F21D06C88D0096C36C /* LICENSE */ = {isa = PBXFileReference; fileEncoding = 4; lastKnownFileType = text; path = LICENSE; sourceTree = "<group>"; };
		F64291F31D06C88D0096C36C /* SSKeychain.h */ = {isa = PBXFileReference; fileEncoding = 4; lastKnownFileType = sourcecode.c.h; path = SSKeychain.h; sourceTree = "<group>"; };
		F64291F41D06C88D0096C36C /* SSKeychain.m */ = {isa = PBXFileReference; fileEncoding = 4; lastKnownFileType = sourcecode.c.objc; path = SSKeychain.m; sourceTree = "<group>"; };
		F64291F71D06C88D0096C36C /* NSDictionary+SRHelper.h */ = {isa = PBXFileReference; fileEncoding = 4; lastKnownFileType = sourcecode.c.h; path = "NSDictionary+SRHelper.h"; sourceTree = "<group>"; };
		F64291F81D06C88D0096C36C /* NSDictionary+SRHelper.m */ = {isa = PBXFileReference; fileEncoding = 4; lastKnownFileType = sourcecode.c.objc; path = "NSDictionary+SRHelper.m"; sourceTree = "<group>"; };
		F64291FB1D06C88D0096C36C /* SRCategoryService.h */ = {isa = PBXFileReference; fileEncoding = 4; lastKnownFileType = sourcecode.c.h; path = SRCategoryService.h; sourceTree = "<group>"; };
		F64291FC1D06C88D0096C36C /* SRCategoryService.m */ = {isa = PBXFileReference; fileEncoding = 4; lastKnownFileType = sourcecode.c.objc; path = SRCategoryService.m; sourceTree = "<group>"; };
		F64291FE1D06C88D0096C36C /* SRBrokeService.h */ = {isa = PBXFileReference; fileEncoding = 4; lastKnownFileType = sourcecode.c.h; path = SRBrokeService.h; sourceTree = "<group>"; };
		F64291FF1D06C88D0096C36C /* SRBrokeService.m */ = {isa = PBXFileReference; fileEncoding = 4; lastKnownFileType = sourcecode.c.objc; path = SRBrokeService.m; sourceTree = "<group>"; };
		F64292011D06C88D0096C36C /* SRContentService.h */ = {isa = PBXFileReference; fileEncoding = 4; lastKnownFileType = sourcecode.c.h; path = SRContentService.h; sourceTree = "<group>"; };
		F64292021D06C88D0096C36C /* SRContentService.m */ = {isa = PBXFileReference; fileEncoding = 4; lastKnownFileType = sourcecode.c.objc; path = SRContentService.m; sourceTree = "<group>"; };
		F64292041D06C88D0096C36C /* SRDataException.h */ = {isa = PBXFileReference; fileEncoding = 4; lastKnownFileType = sourcecode.c.h; path = SRDataException.h; sourceTree = "<group>"; };
		F64292051D06C88D0096C36C /* SRDataException.m */ = {isa = PBXFileReference; fileEncoding = 4; lastKnownFileType = sourcecode.c.objc; path = SRDataException.m; sourceTree = "<group>"; };
		F64292071D06C88D0096C36C /* SRHomeService.h */ = {isa = PBXFileReference; fileEncoding = 4; lastKnownFileType = sourcecode.c.h; path = SRHomeService.h; sourceTree = "<group>"; };
		F64292081D06C88D0096C36C /* SRHomeService.m */ = {isa = PBXFileReference; fileEncoding = 4; lastKnownFileType = sourcecode.c.objc; path = SRHomeService.m; sourceTree = "<group>"; };
		F642920A1D06C88D0096C36C /* SRMemberService.h */ = {isa = PBXFileReference; fileEncoding = 4; lastKnownFileType = sourcecode.c.h; path = SRMemberService.h; sourceTree = "<group>"; };
		F642920B1D06C88D0096C36C /* SRMemberService.m */ = {isa = PBXFileReference; fileEncoding = 4; lastKnownFileType = sourcecode.c.objc; path = SRMemberService.m; sourceTree = "<group>"; };
		F642920D1D06C88D0096C36C /* SRActivityService.h */ = {isa = PBXFileReference; fileEncoding = 4; lastKnownFileType = sourcecode.c.h; path = SRActivityService.h; sourceTree = "<group>"; };
		F642920E1D06C88D0096C36C /* SRActivityService.m */ = {isa = PBXFileReference; fileEncoding = 4; lastKnownFileType = sourcecode.c.objc; path = SRActivityService.m; sourceTree = "<group>"; };
		F642920F1D06C88D0096C36C /* SRPm9Service.h */ = {isa = PBXFileReference; fileEncoding = 4; lastKnownFileType = sourcecode.c.h; path = SRPm9Service.h; sourceTree = "<group>"; };
		F64292101D06C88D0096C36C /* SRPm9Service.m */ = {isa = PBXFileReference; fileEncoding = 4; lastKnownFileType = sourcecode.c.objc; path = SRPm9Service.m; sourceTree = "<group>"; };
		F64292121D06C88D0096C36C /* SRProductService.h */ = {isa = PBXFileReference; fileEncoding = 4; lastKnownFileType = sourcecode.c.h; path = SRProductService.h; sourceTree = "<group>"; };
		F64292131D06C88D0096C36C /* SRProductService.m */ = {isa = PBXFileReference; fileEncoding = 4; lastKnownFileType = sourcecode.c.objc; path = SRProductService.m; sourceTree = "<group>"; };
		F64292151D06C88D0096C36C /* SRPublicTestService.h */ = {isa = PBXFileReference; fileEncoding = 4; lastKnownFileType = sourcecode.c.h; path = SRPublicTestService.h; sourceTree = "<group>"; };
		F64292161D06C88D0096C36C /* SRPublicTestService.m */ = {isa = PBXFileReference; fileEncoding = 4; lastKnownFileType = sourcecode.c.objc; path = SRPublicTestService.m; sourceTree = "<group>"; };
		F64292181D06C88D0096C36C /* SRSkinTestService.h */ = {isa = PBXFileReference; fileEncoding = 4; lastKnownFileType = sourcecode.c.h; path = SRSkinTestService.h; sourceTree = "<group>"; };
		F64292191D06C88D0096C36C /* SRSkinTestService.m */ = {isa = PBXFileReference; fileEncoding = 4; lastKnownFileType = sourcecode.c.objc; path = SRSkinTestService.m; sourceTree = "<group>"; };
		F642921A1D06C88D0096C36C /* SRDataDef.h */ = {isa = PBXFileReference; fileEncoding = 4; lastKnownFileType = sourcecode.c.h; path = SRDataDef.h; sourceTree = "<group>"; };
		F642921B1D06C88D0096C36C /* SRDataDef.m */ = {isa = PBXFileReference; fileEncoding = 4; lastKnownFileType = sourcecode.c.objc; path = SRDataDef.m; sourceTree = "<group>"; };
		F642921C1D06C88D0096C36C /* SRDataManager.h */ = {isa = PBXFileReference; fileEncoding = 4; lastKnownFileType = sourcecode.c.h; path = SRDataManager.h; sourceTree = "<group>"; };
		F642921D1D06C88D0096C36C /* SRDataManager.m */ = {isa = PBXFileReference; fileEncoding = 4; lastKnownFileType = sourcecode.c.objc; path = SRDataManager.m; sourceTree = "<group>"; };
		F642921E1D06C88D0096C36C /* SRWebService.h */ = {isa = PBXFileReference; fileEncoding = 4; lastKnownFileType = sourcecode.c.h; path = SRWebService.h; sourceTree = "<group>"; };
		F642921F1D06C88D0096C36C /* SRWebService.m */ = {isa = PBXFileReference; fileEncoding = 4; lastKnownFileType = sourcecode.c.objc; path = SRWebService.m; sourceTree = "<group>"; };
		F64292211D06C88D0096C36C /* SRTrainingPlan.h */ = {isa = PBXFileReference; fileEncoding = 4; lastKnownFileType = sourcecode.c.h; path = SRTrainingPlan.h; sourceTree = "<group>"; };
		F64292221D06C88D0096C36C /* SRTrainingPlan.m */ = {isa = PBXFileReference; fileEncoding = 4; lastKnownFileType = sourcecode.c.objc; path = SRTrainingPlan.m; sourceTree = "<group>"; };
		F64292241D06C88D0096C36C /* SRCartService.h */ = {isa = PBXFileReference; fileEncoding = 4; lastKnownFileType = sourcecode.c.h; path = SRCartService.h; sourceTree = "<group>"; };
		F64292251D06C88D0096C36C /* SRCartService.m */ = {isa = PBXFileReference; fileEncoding = 4; lastKnownFileType = sourcecode.c.objc; path = SRCartService.m; sourceTree = "<group>"; };
		F64292261D06C88D0096C36C /* SRWelfareService.h */ = {isa = PBXFileReference; fileEncoding = 4; lastKnownFileType = sourcecode.c.h; path = SRWelfareService.h; sourceTree = "<group>"; };
		F64292271D06C88D0096C36C /* SRWelfareService.m */ = {isa = PBXFileReference; fileEncoding = 4; lastKnownFileType = sourcecode.c.objc; path = SRWelfareService.m; sourceTree = "<group>"; };
		F64292281D06C88D0096C36C /* SRKit.h */ = {isa = PBXFileReference; fileEncoding = 4; lastKnownFileType = sourcecode.c.h; path = SRKit.h; sourceTree = "<group>"; };
		F642922A1D06C88D0096C36C /* RKSerialization.h */ = {isa = PBXFileReference; fileEncoding = 4; lastKnownFileType = sourcecode.c.h; path = RKSerialization.h; sourceTree = "<group>"; };
		F642922B1D06C88D0096C36C /* RKURLEncodedSerialization.h */ = {isa = PBXFileReference; fileEncoding = 4; lastKnownFileType = sourcecode.c.h; path = RKURLEncodedSerialization.h; sourceTree = "<group>"; };
		F642922C1D06C88D0096C36C /* RKURLEncodedSerialization.m */ = {isa = PBXFileReference; fileEncoding = 4; lastKnownFileType = sourcecode.c.objc; path = RKURLEncodedSerialization.m; sourceTree = "<group>"; };
		F642922D1D06C88D0096C36C /* SRDeviceUtilties.h */ = {isa = PBXFileReference; fileEncoding = 4; lastKnownFileType = sourcecode.c.h; path = SRDeviceUtilties.h; sourceTree = "<group>"; };
		F642922E1D06C88D0096C36C /* SRDeviceUtilties.m */ = {isa = PBXFileReference; fileEncoding = 4; lastKnownFileType = sourcecode.c.objc; path = SRDeviceUtilties.m; sourceTree = "<group>"; };
		F642922F1D06C88D0096C36C /* SRDictionaryUtilities.h */ = {isa = PBXFileReference; fileEncoding = 4; lastKnownFileType = sourcecode.c.h; path = SRDictionaryUtilities.h; sourceTree = "<group>"; };
		F64292301D06C88D0096C36C /* SRDictionaryUtilities.m */ = {isa = PBXFileReference; fileEncoding = 4; lastKnownFileType = sourcecode.c.objc; path = SRDictionaryUtilities.m; sourceTree = "<group>"; };
		F64292321D06C88D0096C36C /* CNavigationController.h */ = {isa = PBXFileReference; fileEncoding = 4; lastKnownFileType = sourcecode.c.h; path = CNavigationController.h; sourceTree = "<group>"; };
		F64292331D06C88D0096C36C /* CNavigationController.m */ = {isa = PBXFileReference; fileEncoding = 4; lastKnownFileType = sourcecode.c.objc; path = CNavigationController.m; sourceTree = "<group>"; };
		F64292341D06C88D0096C36C /* CUIEnginer.h */ = {isa = PBXFileReference; fileEncoding = 4; lastKnownFileType = sourcecode.c.h; path = CUIEnginer.h; sourceTree = "<group>"; };
		F64292351D06C88D0096C36C /* CUIEnginer.m */ = {isa = PBXFileReference; fileEncoding = 4; lastKnownFileType = sourcecode.c.objc; path = CUIEnginer.m; sourceTree = "<group>"; };
		F64292361D06C88D0096C36C /* CUIKit.h */ = {isa = PBXFileReference; fileEncoding = 4; lastKnownFileType = sourcecode.c.h; path = CUIKit.h; sourceTree = "<group>"; };
		F64292381D06C88D0096C36C /* WCAlertView.h */ = {isa = PBXFileReference; fileEncoding = 4; lastKnownFileType = sourcecode.c.h; path = WCAlertView.h; sourceTree = "<group>"; };
		F64292391D06C88D0096C36C /* WCAlertView.m */ = {isa = PBXFileReference; fileEncoding = 4; lastKnownFileType = sourcecode.c.objc; path = WCAlertView.m; sourceTree = "<group>"; };
		F642923B1D06C88D0096C36C /* YALSunnyRefreshControl.h */ = {isa = PBXFileReference; fileEncoding = 4; lastKnownFileType = sourcecode.c.h; path = YALSunnyRefreshControl.h; sourceTree = "<group>"; };
		F642923C1D06C88D0096C36C /* YALSunnyRefreshControl.m */ = {isa = PBXFileReference; fileEncoding = 4; lastKnownFileType = sourcecode.c.objc; path = YALSunnyRefreshControl.m; sourceTree = "<group>"; };
		F642923D1D06C88D0096C36C /* YALSunnyRefreshControl.xib */ = {isa = PBXFileReference; fileEncoding = 4; lastKnownFileType = file.xib; path = YALSunnyRefreshControl.xib; sourceTree = "<group>"; };
		F64292811D06C9AA0096C36C /* PrefixHeader.pch */ = {isa = PBXFileReference; lastKnownFileType = sourcecode.c.h; path = PrefixHeader.pch; sourceTree = "<group>"; };
		F64292821D06CA360096C36C /* AppConfig.h */ = {isa = PBXFileReference; fileEncoding = 4; lastKnownFileType = sourcecode.c.h; path = AppConfig.h; sourceTree = "<group>"; };
		F64292831D06CA360096C36C /* AppConfig.m */ = {isa = PBXFileReference; fileEncoding = 4; lastKnownFileType = sourcecode.c.objc; path = AppConfig.m; sourceTree = "<group>"; };
		F676BAF31D051F3E0083A75D /* SRVendor.framework */ = {isa = PBXFileReference; explicitFileType = wrapper.framework; includeInIndex = 0; path = SRVendor.framework; sourceTree = BUILT_PRODUCTS_DIR; };
		F676BAF71D051F3E0083A75D /* Info.plist */ = {isa = PBXFileReference; lastKnownFileType = text.plist.xml; path = Info.plist; sourceTree = "<group>"; };
		F676BAF81D051F3E0083A75D /* SRVendor.h */ = {isa = PBXFileReference; lastKnownFileType = sourcecode.c.h; path = SRVendor.h; sourceTree = "<group>"; };
		F676BAFE1D051F3E0083A75D /* SRVendorTests.xctest */ = {isa = PBXFileReference; explicitFileType = wrapper.cfbundle; includeInIndex = 0; path = SRVendorTests.xctest; sourceTree = BUILT_PRODUCTS_DIR; };
		F676BB041D051F3F0083A75D /* Info.plist */ = {isa = PBXFileReference; lastKnownFileType = text.plist.xml; path = Info.plist; sourceTree = "<group>"; };
		F676BB051D051F3F0083A75D /* SRVendorTests.m */ = {isa = PBXFileReference; lastKnownFileType = sourcecode.c.objc; path = SRVendorTests.m; sourceTree = "<group>"; };
		F676BB0F1D051F7C0083A75D /* SRTest.h */ = {isa = PBXFileReference; fileEncoding = 4; lastKnownFileType = sourcecode.c.h; path = SRTest.h; sourceTree = "<group>"; };
		F676BB101D051F7C0083A75D /* SRTest.m */ = {isa = PBXFileReference; fileEncoding = 4; lastKnownFileType = sourcecode.c.objc; path = SRTest.m; sourceTree = "<group>"; };
/* End PBXFileReference section */

/* Begin PBXFrameworksBuildPhase section */
		F676BAEF1D051F3E0083A75D /* Frameworks */ = {
			isa = PBXFrameworksBuildPhase;
			buildActionMask = 2147483647;
			files = (
				C601F059B3DEE60B272FF0EC /* Pods_SRVendor.framework in Frameworks */,
			);
			runOnlyForDeploymentPostprocessing = 0;
		};
		F676BAFB1D051F3E0083A75D /* Frameworks */ = {
			isa = PBXFrameworksBuildPhase;
			buildActionMask = 2147483647;
			files = (
				F676BAFF1D051F3E0083A75D /* SRVendor.framework in Frameworks */,
			);
			runOnlyForDeploymentPostprocessing = 0;
		};
/* End PBXFrameworksBuildPhase section */

/* Begin PBXGroup section */
		CC932D487D83BACE387F3DC0 /* Pods */ = {
			isa = PBXGroup;
			children = (
				A16E8B291F0FDBCE54862E3B /* Pods-SRVendor.debug.xcconfig */,
				E908791D2DA5CA3A416868D8 /* Pods-SRVendor.release.xcconfig */,
			);
			name = Pods;
			sourceTree = "<group>";
		};
		D678D80CC3882326EBC40977 /* Frameworks */ = {
			isa = PBXGroup;
			children = (
				B79B64B6180C3BD57202A35B /* Pods_SRVendor.framework */,
			);
			name = Frameworks;
			sourceTree = "<group>";
		};
		F64291E21D06C88D0096C36C /* Vendor */ = {
			isa = PBXGroup;
			children = (
				F64291E31D06C88D0096C36C /* Foundation */,
				F64291F01D06C88D0096C36C /* Security */,
				F64291F51D06C88D0096C36C /* SRKit */,
				F64292311D06C88D0096C36C /* UIKit */,
			);
			path = Vendor;
			sourceTree = "<group>";
		};
		F64291E31D06C88D0096C36C /* Foundation */ = {
			isa = PBXGroup;
			children = (
				F64291E41D06C88D0096C36C /* AppResource.h */,
				F64291E51D06C88D0096C36C /* AppResource.m */,
				F64291E61D06C88D0096C36C /* CKStringUtils */,
				F64291E91D06C88D0096C36C /* NSDictionary+STHelper */,
			);
			path = Foundation;
			sourceTree = "<group>";
		};
		F64291E61D06C88D0096C36C /* CKStringUtils */ = {
			isa = PBXGroup;
			children = (
				F64291E71D06C88D0096C36C /* CKStringUtils.h */,
				F64291E81D06C88D0096C36C /* CKStringUtils.m */,
			);
			path = CKStringUtils;
			sourceTree = "<group>";
		};
		F64291E91D06C88D0096C36C /* NSDictionary+STHelper */ = {
			isa = PBXGroup;
			children = (
				F64291EA1D06C88D0096C36C /* LICENSE.txt */,
				F64291EB1D06C88D0096C36C /* NSDictionary+STHelper-Prefix.pch */,
				F64291EC1D06C88D0096C36C /* NSDictionary+STHelper.h */,
				F64291ED1D06C88D0096C36C /* NSDictionary+STHelper.m */,
				F64291EE1D06C88D0096C36C /* NSMutableDictionary+STHelper.h */,
				F64291EF1D06C88D0096C36C /* NSMutableDictionary+STHelper.m */,
			);
			path = "NSDictionary+STHelper";
			sourceTree = "<group>";
		};
		F64291F01D06C88D0096C36C /* Security */ = {
			isa = PBXGroup;
			children = (
				F64291F11D06C88D0096C36C /* SSKeychain */,
			);
			path = Security;
			sourceTree = "<group>";
		};
		F64291F11D06C88D0096C36C /* SSKeychain */ = {
			isa = PBXGroup;
			children = (
				F64291F21D06C88D0096C36C /* LICENSE */,
				F64291F31D06C88D0096C36C /* SSKeychain.h */,
				F64291F41D06C88D0096C36C /* SSKeychain.m */,
			);
			path = SSKeychain;
			sourceTree = "<group>";
		};
		F64291F51D06C88D0096C36C /* SRKit */ = {
			isa = PBXGroup;
			children = (
				F64291F61D06C88D0096C36C /* Additions */,
				F64291F91D06C88D0096C36C /* DataKit */,
				F64292281D06C88D0096C36C /* SRKit.h */,
				F64292291D06C88D0096C36C /* Support */,
			);
			path = SRKit;
			sourceTree = "<group>";
		};
		F64291F61D06C88D0096C36C /* Additions */ = {
			isa = PBXGroup;
			children = (
				F64291F71D06C88D0096C36C /* NSDictionary+SRHelper.h */,
				F64291F81D06C88D0096C36C /* NSDictionary+SRHelper.m */,
			);
			path = Additions;
			sourceTree = "<group>";
		};
		F64291F91D06C88D0096C36C /* DataKit */ = {
			isa = PBXGroup;
			children = (
				F64291FA1D06C88D0096C36C /* Articles */,
				F64291FD1D06C88D0096C36C /* Broke */,
				F64292001D06C88D0096C36C /* Content */,
				F64292031D06C88D0096C36C /* Excpetion */,
				F64292061D06C88D0096C36C /* Home */,
				F64292091D06C88D0096C36C /* Member */,
				F642920C1D06C88D0096C36C /* Pm9 */,
				F64292111D06C88D0096C36C /* Product */,
				F64292141D06C88D0096C36C /* PublicTest */,
				F64292171D06C88D0096C36C /* SkinTest */,
				F642921A1D06C88D0096C36C /* SRDataDef.h */,
				F642921B1D06C88D0096C36C /* SRDataDef.m */,
				F642921C1D06C88D0096C36C /* SRDataManager.h */,
				F642921D1D06C88D0096C36C /* SRDataManager.m */,
				F642921E1D06C88D0096C36C /* SRWebService.h */,
				F642921F1D06C88D0096C36C /* SRWebService.m */,
				F64292201D06C88D0096C36C /* Trainings */,
				F64292231D06C88D0096C36C /* Welfare */,
			);
			path = DataKit;
			sourceTree = "<group>";
		};
		F64291FA1D06C88D0096C36C /* Articles */ = {
			isa = PBXGroup;
			children = (
				F64291FB1D06C88D0096C36C /* SRCategoryService.h */,
				F64291FC1D06C88D0096C36C /* SRCategoryService.m */,
			);
			path = Articles;
			sourceTree = "<group>";
		};
		F64291FD1D06C88D0096C36C /* Broke */ = {
			isa = PBXGroup;
			children = (
				F64291FE1D06C88D0096C36C /* SRBrokeService.h */,
				F64291FF1D06C88D0096C36C /* SRBrokeService.m */,
			);
			path = Broke;
			sourceTree = "<group>";
		};
		F64292001D06C88D0096C36C /* Content */ = {
			isa = PBXGroup;
			children = (
				F64292011D06C88D0096C36C /* SRContentService.h */,
				F64292021D06C88D0096C36C /* SRContentService.m */,
			);
			path = Content;
			sourceTree = "<group>";
		};
		F64292031D06C88D0096C36C /* Excpetion */ = {
			isa = PBXGroup;
			children = (
				F64292041D06C88D0096C36C /* SRDataException.h */,
				F64292051D06C88D0096C36C /* SRDataException.m */,
			);
			path = Excpetion;
			sourceTree = "<group>";
		};
		F64292061D06C88D0096C36C /* Home */ = {
			isa = PBXGroup;
			children = (
				F64292071D06C88D0096C36C /* SRHomeService.h */,
				F64292081D06C88D0096C36C /* SRHomeService.m */,
			);
			path = Home;
			sourceTree = "<group>";
		};
		F64292091D06C88D0096C36C /* Member */ = {
			isa = PBXGroup;
			children = (
				F642920A1D06C88D0096C36C /* SRMemberService.h */,
				F642920B1D06C88D0096C36C /* SRMemberService.m */,
			);
			path = Member;
			sourceTree = "<group>";
		};
		F642920C1D06C88D0096C36C /* Pm9 */ = {
			isa = PBXGroup;
			children = (
				F642920D1D06C88D0096C36C /* SRActivityService.h */,
				F642920E1D06C88D0096C36C /* SRActivityService.m */,
				F642920F1D06C88D0096C36C /* SRPm9Service.h */,
				F64292101D06C88D0096C36C /* SRPm9Service.m */,
			);
			path = Pm9;
			sourceTree = "<group>";
		};
		F64292111D06C88D0096C36C /* Product */ = {
			isa = PBXGroup;
			children = (
				F64292121D06C88D0096C36C /* SRProductService.h */,
				F64292131D06C88D0096C36C /* SRProductService.m */,
			);
			path = Product;
			sourceTree = "<group>";
		};
		F64292141D06C88D0096C36C /* PublicTest */ = {
			isa = PBXGroup;
			children = (
				F64292151D06C88D0096C36C /* SRPublicTestService.h */,
				F64292161D06C88D0096C36C /* SRPublicTestService.m */,
			);
			path = PublicTest;
			sourceTree = "<group>";
		};
		F64292171D06C88D0096C36C /* SkinTest */ = {
			isa = PBXGroup;
			children = (
				F64292181D06C88D0096C36C /* SRSkinTestService.h */,
				F64292191D06C88D0096C36C /* SRSkinTestService.m */,
			);
			path = SkinTest;
			sourceTree = "<group>";
		};
		F64292201D06C88D0096C36C /* Trainings */ = {
			isa = PBXGroup;
			children = (
				F64292211D06C88D0096C36C /* SRTrainingPlan.h */,
				F64292221D06C88D0096C36C /* SRTrainingPlan.m */,
			);
			path = Trainings;
			sourceTree = "<group>";
		};
		F64292231D06C88D0096C36C /* Welfare */ = {
			isa = PBXGroup;
			children = (
				F64292241D06C88D0096C36C /* SRCartService.h */,
				F64292251D06C88D0096C36C /* SRCartService.m */,
				F64292261D06C88D0096C36C /* SRWelfareService.h */,
				F64292271D06C88D0096C36C /* SRWelfareService.m */,
			);
			path = Welfare;
			sourceTree = "<group>";
		};
		F64292291D06C88D0096C36C /* Support */ = {
			isa = PBXGroup;
			children = (
				F642922A1D06C88D0096C36C /* RKSerialization.h */,
				F642922B1D06C88D0096C36C /* RKURLEncodedSerialization.h */,
				F642922C1D06C88D0096C36C /* RKURLEncodedSerialization.m */,
				F642922D1D06C88D0096C36C /* SRDeviceUtilties.h */,
				F642922E1D06C88D0096C36C /* SRDeviceUtilties.m */,
				F642922F1D06C88D0096C36C /* SRDictionaryUtilities.h */,
				F64292301D06C88D0096C36C /* SRDictionaryUtilities.m */,
			);
			path = Support;
			sourceTree = "<group>";
		};
		F64292311D06C88D0096C36C /* UIKit */ = {
			isa = PBXGroup;
			children = (
				F64292321D06C88D0096C36C /* CNavigationController.h */,
				F64292331D06C88D0096C36C /* CNavigationController.m */,
				F64292341D06C88D0096C36C /* CUIEnginer.h */,
				F64292351D06C88D0096C36C /* CUIEnginer.m */,
				F64292361D06C88D0096C36C /* CUIKit.h */,
				F64292371D06C88D0096C36C /* WCAlertView */,
				F642923A1D06C88D0096C36C /* YALSunnyRefreshControll */,
			);
			path = UIKit;
			sourceTree = "<group>";
		};
		F64292371D06C88D0096C36C /* WCAlertView */ = {
			isa = PBXGroup;
			children = (
				F64292381D06C88D0096C36C /* WCAlertView.h */,
				F64292391D06C88D0096C36C /* WCAlertView.m */,
			);
			path = WCAlertView;
			sourceTree = "<group>";
		};
		F642923A1D06C88D0096C36C /* YALSunnyRefreshControll */ = {
			isa = PBXGroup;
			children = (
				F642923B1D06C88D0096C36C /* YALSunnyRefreshControl.h */,
				F642923C1D06C88D0096C36C /* YALSunnyRefreshControl.m */,
				F642923D1D06C88D0096C36C /* YALSunnyRefreshControl.xib */,
			);
			path = YALSunnyRefreshControll;
			sourceTree = "<group>";
		};
		F676BAE91D051F3E0083A75D = {
			isa = PBXGroup;
			children = (
				F676BAF51D051F3E0083A75D /* SRVendor */,
				F676BB021D051F3F0083A75D /* SRVendorTests */,
				F676BAF41D051F3E0083A75D /* Products */,
				CC932D487D83BACE387F3DC0 /* Pods */,
				D678D80CC3882326EBC40977 /* Frameworks */,
			);
			sourceTree = "<group>";
		};
		F676BAF41D051F3E0083A75D /* Products */ = {
			isa = PBXGroup;
			children = (
				F676BAF31D051F3E0083A75D /* SRVendor.framework */,
				F676BAFE1D051F3E0083A75D /* SRVendorTests.xctest */,
			);
			name = Products;
			sourceTree = "<group>";
		};
		F676BAF51D051F3E0083A75D /* SRVendor */ = {
			isa = PBXGroup;
			children = (
				F64292821D06CA360096C36C /* AppConfig.h */,
				F64292831D06CA360096C36C /* AppConfig.m */,
				F64291E21D06C88D0096C36C /* Vendor */,
				F676BB0F1D051F7C0083A75D /* SRTest.h */,
				F676BB101D051F7C0083A75D /* SRTest.m */,
				F676BAF81D051F3E0083A75D /* SRVendor.h */,
				F676BAF61D051F3E0083A75D /* Supporting Files */,
				F64292811D06C9AA0096C36C /* PrefixHeader.pch */,
			);
			path = SRVendor;
			sourceTree = "<group>";
		};
		F676BAF61D051F3E0083A75D /* Supporting Files */ = {
			isa = PBXGroup;
			children = (
				F676BAF71D051F3E0083A75D /* Info.plist */,
			);
			name = "Supporting Files";
			sourceTree = "<group>";
		};
		F676BB021D051F3F0083A75D /* SRVendorTests */ = {
			isa = PBXGroup;
			children = (
				F676BB051D051F3F0083A75D /* SRVendorTests.m */,
				F676BB031D051F3F0083A75D /* Supporting Files */,
			);
			path = SRVendorTests;
			sourceTree = "<group>";
		};
		F676BB031D051F3F0083A75D /* Supporting Files */ = {
			isa = PBXGroup;
			children = (
				F676BB041D051F3F0083A75D /* Info.plist */,
			);
			name = "Supporting Files";
			sourceTree = "<group>";
		};
/* End PBXGroup section */

/* Begin PBXHeadersBuildPhase section */
		F676BAF01D051F3E0083A75D /* Headers */ = {
			isa = PBXHeadersBuildPhase;
			buildActionMask = 2147483647;
			files = (
				F642926D1D06C88D0096C36C /* SRWelfareService.h in Headers */,
				F642927E1D06C88D0096C36C /* YALSunnyRefreshControl.h in Headers */,
				F642927B1D06C88D0096C36C /* CUIKit.h in Headers */,
				F642925F1D06C88D0096C36C /* SRPublicTestService.h in Headers */,
				F64292551D06C88D0096C36C /* SRHomeService.h in Headers */,
				F642926F1D06C88D0096C36C /* SRKit.h in Headers */,
				F64292771D06C88D0096C36C /* CNavigationController.h in Headers */,
				F64292571D06C88D0096C36C /* SRMemberService.h in Headers */,
				F676BAF91D051F3E0083A75D /* SRVendor.h in Headers */,
				F64292671D06C88D0096C36C /* SRWebService.h in Headers */,
				F64292511D06C88D0096C36C /* SRContentService.h in Headers */,
				F64292711D06C88D0096C36C /* RKURLEncodedSerialization.h in Headers */,
				F642923E1D06C88D0096C36C /* AppResource.h in Headers */,
				F676BB111D051F7C0083A75D /* SRTest.h in Headers */,
				F642926B1D06C88D0096C36C /* SRCartService.h in Headers */,
				F64292401D06C88D0096C36C /* CKStringUtils.h in Headers */,
				F64292491D06C88D0096C36C /* SSKeychain.h in Headers */,
				F642927C1D06C88D0096C36C /* WCAlertView.h in Headers */,
				F64292691D06C88D0096C36C /* SRTrainingPlan.h in Headers */,
				F642924D1D06C88D0096C36C /* SRCategoryService.h in Headers */,
				F64292461D06C88D0096C36C /* NSMutableDictionary+STHelper.h in Headers */,
				F64292651D06C88D0096C36C /* SRDataManager.h in Headers */,
				F64292441D06C88D0096C36C /* NSDictionary+STHelper.h in Headers */,
				F64292611D06C88D0096C36C /* SRSkinTestService.h in Headers */,
				F642924B1D06C88D0096C36C /* NSDictionary+SRHelper.h in Headers */,
				F64292591D06C88D0096C36C /* SRActivityService.h in Headers */,
				F64292751D06C88D0096C36C /* SRDictionaryUtilities.h in Headers */,
				F64292791D06C88D0096C36C /* CUIEnginer.h in Headers */,
				F64292841D06CA360096C36C /* AppConfig.h in Headers */,
				F642925D1D06C88D0096C36C /* SRProductService.h in Headers */,
				F64292431D06C88D0096C36C /* NSDictionary+STHelper-Prefix.pch in Headers */,
				F64292731D06C88D0096C36C /* SRDeviceUtilties.h in Headers */,
				F642924F1D06C88D0096C36C /* SRBrokeService.h in Headers */,
				F64292531D06C88D0096C36C /* SRDataException.h in Headers */,
				F64292631D06C88D0096C36C /* SRDataDef.h in Headers */,
				F64292701D06C88D0096C36C /* RKSerialization.h in Headers */,
				F642925B1D06C88D0096C36C /* SRPm9Service.h in Headers */,
			);
			runOnlyForDeploymentPostprocessing = 0;
		};
/* End PBXHeadersBuildPhase section */

/* Begin PBXNativeTarget section */
		F676BAF21D051F3E0083A75D /* SRVendor */ = {
			isa = PBXNativeTarget;
			buildConfigurationList = F676BB091D051F3F0083A75D /* Build configuration list for PBXNativeTarget "SRVendor" */;
			buildPhases = (
				DEB992B569E83CEA512253F2 /* [CP] Check Pods Manifest.lock */,
				F676BAEE1D051F3E0083A75D /* Sources */,
				F676BAEF1D051F3E0083A75D /* Frameworks */,
				F676BAF01D051F3E0083A75D /* Headers */,
				F676BAF11D051F3E0083A75D /* Resources */,
				01B53044A6C44475999239D7 /* [CP] Copy Pods Resources */,
			);
			buildRules = (
			);
			dependencies = (
			);
			name = SRVendor;
			productName = SRVendor;
			productReference = F676BAF31D051F3E0083A75D /* SRVendor.framework */;
			productType = "com.apple.product-type.framework";
		};
		F676BAFD1D051F3E0083A75D /* SRVendorTests */ = {
			isa = PBXNativeTarget;
			buildConfigurationList = F676BB0C1D051F3F0083A75D /* Build configuration list for PBXNativeTarget "SRVendorTests" */;
			buildPhases = (
				F676BAFA1D051F3E0083A75D /* Sources */,
				F676BAFB1D051F3E0083A75D /* Frameworks */,
				F676BAFC1D051F3E0083A75D /* Resources */,
			);
			buildRules = (
			);
			dependencies = (
				F676BB011D051F3F0083A75D /* PBXTargetDependency */,
			);
			name = SRVendorTests;
			productName = SRVendorTests;
			productReference = F676BAFE1D051F3E0083A75D /* SRVendorTests.xctest */;
			productType = "com.apple.product-type.bundle.unit-test";
		};
/* End PBXNativeTarget section */

/* Begin PBXProject section */
		F676BAEA1D051F3E0083A75D /* Project object */ = {
			isa = PBXProject;
			attributes = {
				LastUpgradeCheck = 0640;
				ORGANIZATIONNAME = LiHao;
				TargetAttributes = {
					F676BAF21D051F3E0083A75D = {
						CreatedOnToolsVersion = 6.4;
					};
					F676BAFD1D051F3E0083A75D = {
						CreatedOnToolsVersion = 6.4;
					};
				};
			};
			buildConfigurationList = F676BAED1D051F3E0083A75D /* Build configuration list for PBXProject "SRVendor" */;
			compatibilityVersion = "Xcode 3.2";
			developmentRegion = English;
			hasScannedForEncodings = 0;
			knownRegions = (
				en,
			);
			mainGroup = F676BAE91D051F3E0083A75D;
			productRefGroup = F676BAF41D051F3E0083A75D /* Products */;
			projectDirPath = "";
			projectRoot = "";
			targets = (
				F676BAF21D051F3E0083A75D /* SRVendor */,
				F676BAFD1D051F3E0083A75D /* SRVendorTests */,
			);
		};
/* End PBXProject section */

/* Begin PBXResourcesBuildPhase section */
		F676BAF11D051F3E0083A75D /* Resources */ = {
			isa = PBXResourcesBuildPhase;
			buildActionMask = 2147483647;
			files = (
				F64292801D06C88D0096C36C /* YALSunnyRefreshControl.xib in Resources */,
				F64292481D06C88D0096C36C /* LICENSE in Resources */,
				F64292421D06C88D0096C36C /* LICENSE.txt in Resources */,
			);
			runOnlyForDeploymentPostprocessing = 0;
		};
		F676BAFC1D051F3E0083A75D /* Resources */ = {
			isa = PBXResourcesBuildPhase;
			buildActionMask = 2147483647;
			files = (
			);
			runOnlyForDeploymentPostprocessing = 0;
		};
/* End PBXResourcesBuildPhase section */

/* Begin PBXShellScriptBuildPhase section */
		01B53044A6C44475999239D7 /* [CP] Copy Pods Resources */ = {
			isa = PBXShellScriptBuildPhase;
			buildActionMask = 2147483647;
			files = (
			);
			inputPaths = (
			);
			name = "[CP] Copy Pods Resources";
			outputPaths = (
			);
			runOnlyForDeploymentPostprocessing = 0;
			shellPath = /bin/sh;
			shellScript = "\"${SRCROOT}/Pods/Target Support Files/Pods-SRVendor/Pods-SRVendor-resources.sh\"\n";
			showEnvVarsInLog = 0;
		};
		DEB992B569E83CEA512253F2 /* [CP] Check Pods Manifest.lock */ = {
			isa = PBXShellScriptBuildPhase;
			buildActionMask = 2147483647;
			files = (
			);
			inputPaths = (
			);
			name = "[CP] Check Pods Manifest.lock";
			outputPaths = (
			);
			runOnlyForDeploymentPostprocessing = 0;
			shellPath = /bin/sh;
			shellScript = "diff \"${PODS_ROOT}/../Podfile.lock\" \"${PODS_ROOT}/Manifest.lock\" > /dev/null\nif [[ $? != 0 ]] ; then\n    cat << EOM\nerror: The sandbox is not in sync with the Podfile.lock. Run 'pod install' or update your CocoaPods installation.\nEOM\n    exit 1\nfi\n";
			showEnvVarsInLog = 0;
		};
/* End PBXShellScriptBuildPhase section */

/* Begin PBXSourcesBuildPhase section */
		F676BAEE1D051F3E0083A75D /* Sources */ = {
			isa = PBXSourcesBuildPhase;
			buildActionMask = 2147483647;
			files = (
				F64292541D06C88D0096C36C /* SRDataException.m in Sources */,
				F64292781D06C88D0096C36C /* CNavigationController.m in Sources */,
				F642927F1D06C88D0096C36C /* YALSunnyRefreshControl.m in Sources */,
				F64292721D06C88D0096C36C /* RKURLEncodedSerialization.m in Sources */,
				F642926E1D06C88D0096C36C /* SRWelfareService.m in Sources */,
				F64292581D06C88D0096C36C /* SRMemberService.m in Sources */,
				F64292561D06C88D0096C36C /* SRHomeService.m in Sources */,
				F64292601D06C88D0096C36C /* SRPublicTestService.m in Sources */,
				F642927A1D06C88D0096C36C /* CUIEnginer.m in Sources */,
				F642926C1D06C88D0096C36C /* SRCartService.m in Sources */,
				F64292521D06C88D0096C36C /* SRContentService.m in Sources */,
				F642925E1D06C88D0096C36C /* SRProductService.m in Sources */,
				F642927D1D06C88D0096C36C /* WCAlertView.m in Sources */,
				F676BB121D051F7C0083A75D /* SRTest.m in Sources */,
				F642926A1D06C88D0096C36C /* SRTrainingPlan.m in Sources */,
				F642924C1D06C88D0096C36C /* NSDictionary+SRHelper.m in Sources */,
				F642924E1D06C88D0096C36C /* SRCategoryService.m in Sources */,
				F64292501D06C88D0096C36C /* SRBrokeService.m in Sources */,
				F64292681D06C88D0096C36C /* SRWebService.m in Sources */,
				F64292761D06C88D0096C36C /* SRDictionaryUtilities.m in Sources */,
				F642923F1D06C88D0096C36C /* AppResource.m in Sources */,
				F64292411D06C88D0096C36C /* CKStringUtils.m in Sources */,
				F64292661D06C88D0096C36C /* SRDataManager.m in Sources */,
				F64292641D06C88D0096C36C /* SRDataDef.m in Sources */,
				F64292451D06C88D0096C36C /* NSDictionary+STHelper.m in Sources */,
				F64292471D06C88D0096C36C /* NSMutableDictionary+STHelper.m in Sources */,
				F642924A1D06C88D0096C36C /* SSKeychain.m in Sources */,
				F642925C1D06C88D0096C36C /* SRPm9Service.m in Sources */,
				F64292741D06C88D0096C36C /* SRDeviceUtilties.m in Sources */,
				F64292851D06CA360096C36C /* AppConfig.m in Sources */,
				F642925A1D06C88D0096C36C /* SRActivityService.m in Sources */,
				F64292621D06C88D0096C36C /* SRSkinTestService.m in Sources */,
			);
			runOnlyForDeploymentPostprocessing = 0;
		};
		F676BAFA1D051F3E0083A75D /* Sources */ = {
			isa = PBXSourcesBuildPhase;
			buildActionMask = 2147483647;
			files = (
				F676BB061D051F3F0083A75D /* SRVendorTests.m in Sources */,
			);
			runOnlyForDeploymentPostprocessing = 0;
		};
/* End PBXSourcesBuildPhase section */

/* Begin PBXTargetDependency section */
		F676BB011D051F3F0083A75D /* PBXTargetDependency */ = {
			isa = PBXTargetDependency;
			target = F676BAF21D051F3E0083A75D /* SRVendor */;
			targetProxy = F676BB001D051F3F0083A75D /* PBXContainerItemProxy */;
		};
/* End PBXTargetDependency section */

/* Begin XCBuildConfiguration section */
		F676BB071D051F3F0083A75D /* Debug */ = {
			isa = XCBuildConfiguration;
			buildSettings = {
				ALWAYS_SEARCH_USER_PATHS = NO;
				CLANG_CXX_LANGUAGE_STANDARD = "gnu++0x";
				CLANG_CXX_LIBRARY = "libc++";
				CLANG_ENABLE_MODULES = YES;
				CLANG_ENABLE_OBJC_ARC = YES;
				CLANG_WARN_BOOL_CONVERSION = YES;
				CLANG_WARN_CONSTANT_CONVERSION = YES;
				CLANG_WARN_DIRECT_OBJC_ISA_USAGE = YES_ERROR;
				CLANG_WARN_EMPTY_BODY = YES;
				CLANG_WARN_ENUM_CONVERSION = YES;
				CLANG_WARN_INT_CONVERSION = YES;
				CLANG_WARN_OBJC_ROOT_CLASS = YES_ERROR;
				CLANG_WARN_UNREACHABLE_CODE = YES;
				CLANG_WARN__DUPLICATE_METHOD_MATCH = YES;
				"CODE_SIGN_IDENTITY[sdk=iphoneos*]" = "iPhone Developer";
				COPY_PHASE_STRIP = NO;
				CURRENT_PROJECT_VERSION = 1;
				DEBUG_INFORMATION_FORMAT = "dwarf-with-dsym";
				ENABLE_STRICT_OBJC_MSGSEND = YES;
				GCC_C_LANGUAGE_STANDARD = gnu99;
				GCC_DYNAMIC_NO_PIC = NO;
				GCC_NO_COMMON_BLOCKS = YES;
				GCC_OPTIMIZATION_LEVEL = 0;
				GCC_PREPROCESSOR_DEFINITIONS = (
					"DEBUG=1",
					"$(inherited)",
				);
				GCC_SYMBOLS_PRIVATE_EXTERN = NO;
				GCC_WARN_64_TO_32_BIT_CONVERSION = YES;
				GCC_WARN_ABOUT_RETURN_TYPE = YES_ERROR;
				GCC_WARN_UNDECLARED_SELECTOR = YES;
				GCC_WARN_UNINITIALIZED_AUTOS = YES_AGGRESSIVE;
				GCC_WARN_UNUSED_FUNCTION = YES;
				GCC_WARN_UNUSED_VARIABLE = YES;
				IPHONEOS_DEPLOYMENT_TARGET = 8.4;
				MTL_ENABLE_DEBUG_INFO = YES;
				ONLY_ACTIVE_ARCH = YES;
				SDKROOT = iphoneos;
				TARGETED_DEVICE_FAMILY = "1,2";
				VERSIONING_SYSTEM = "apple-generic";
				VERSION_INFO_PREFIX = "";
			};
			name = Debug;
		};
		F676BB081D051F3F0083A75D /* Release */ = {
			isa = XCBuildConfiguration;
			buildSettings = {
				ALWAYS_SEARCH_USER_PATHS = NO;
				CLANG_CXX_LANGUAGE_STANDARD = "gnu++0x";
				CLANG_CXX_LIBRARY = "libc++";
				CLANG_ENABLE_MODULES = YES;
				CLANG_ENABLE_OBJC_ARC = YES;
				CLANG_WARN_BOOL_CONVERSION = YES;
				CLANG_WARN_CONSTANT_CONVERSION = YES;
				CLANG_WARN_DIRECT_OBJC_ISA_USAGE = YES_ERROR;
				CLANG_WARN_EMPTY_BODY = YES;
				CLANG_WARN_ENUM_CONVERSION = YES;
				CLANG_WARN_INT_CONVERSION = YES;
				CLANG_WARN_OBJC_ROOT_CLASS = YES_ERROR;
				CLANG_WARN_UNREACHABLE_CODE = YES;
				CLANG_WARN__DUPLICATE_METHOD_MATCH = YES;
				"CODE_SIGN_IDENTITY[sdk=iphoneos*]" = "iPhone Developer";
				COPY_PHASE_STRIP = NO;
				CURRENT_PROJECT_VERSION = 1;
				DEBUG_INFORMATION_FORMAT = "dwarf-with-dsym";
				ENABLE_NS_ASSERTIONS = NO;
				ENABLE_STRICT_OBJC_MSGSEND = YES;
				GCC_C_LANGUAGE_STANDARD = gnu99;
				GCC_NO_COMMON_BLOCKS = YES;
				GCC_WARN_64_TO_32_BIT_CONVERSION = YES;
				GCC_WARN_ABOUT_RETURN_TYPE = YES_ERROR;
				GCC_WARN_UNDECLARED_SELECTOR = YES;
				GCC_WARN_UNINITIALIZED_AUTOS = YES_AGGRESSIVE;
				GCC_WARN_UNUSED_FUNCTION = YES;
				GCC_WARN_UNUSED_VARIABLE = YES;
				IPHONEOS_DEPLOYMENT_TARGET = 8.4;
				MTL_ENABLE_DEBUG_INFO = NO;
				SDKROOT = iphoneos;
				TARGETED_DEVICE_FAMILY = "1,2";
				VALIDATE_PRODUCT = YES;
				VERSIONING_SYSTEM = "apple-generic";
				VERSION_INFO_PREFIX = "";
			};
			name = Release;
		};
		F676BB0A1D051F3F0083A75D /* Debug */ = {
			isa = XCBuildConfiguration;
			baseConfigurationReference = A16E8B291F0FDBCE54862E3B /* Pods-SRVendor.debug.xcconfig */;
			buildSettings = {
				DEFINES_MODULE = YES;
				DYLIB_COMPATIBILITY_VERSION = 1;
				DYLIB_CURRENT_VERSION = 1;
				DYLIB_INSTALL_NAME_BASE = "@rpath";
				GCC_PRECOMPILE_PREFIX_HEADER = YES;
				GCC_PREFIX_HEADER = SRVendor/PrefixHeader.pch;
				INFOPLIST_FILE = SRVendor/Info.plist;
				INSTALL_PATH = "$(LOCAL_LIBRARY_DIR)/Frameworks";
				LD_RUNPATH_SEARCH_PATHS = "$(inherited) @executable_path/Frameworks @loader_path/Frameworks";
				PRODUCT_NAME = "$(TARGET_NAME)";
				SKIP_INSTALL = YES;
			};
			name = Debug;
		};
		F676BB0B1D051F3F0083A75D /* Release */ = {
			isa = XCBuildConfiguration;
			baseConfigurationReference = E908791D2DA5CA3A416868D8 /* Pods-SRVendor.release.xcconfig */;
			buildSettings = {
				DEFINES_MODULE = YES;
				DYLIB_COMPATIBILITY_VERSION = 1;
				DYLIB_CURRENT_VERSION = 1;
				DYLIB_INSTALL_NAME_BASE = "@rpath";
				GCC_PRECOMPILE_PREFIX_HEADER = YES;
				GCC_PREFIX_HEADER = SRVendor/PrefixHeader.pch;
				INFOPLIST_FILE = SRVendor/Info.plist;
				INSTALL_PATH = "$(LOCAL_LIBRARY_DIR)/Frameworks";
				LD_RUNPATH_SEARCH_PATHS = "$(inherited) @executable_path/Frameworks @loader_path/Frameworks";
				PRODUCT_NAME = "$(TARGET_NAME)";
				SKIP_INSTALL = YES;
			};
			name = Release;
		};
		F676BB0D1D051F3F0083A75D /* Debug */ = {
			isa = XCBuildConfiguration;
			buildSettings = {
				FRAMEWORK_SEARCH_PATHS = (
					"$(SDKROOT)/Developer/Library/Frameworks",
					"$(inherited)",
				);
				GCC_PREPROCESSOR_DEFINITIONS = (
					"DEBUG=1",
					"$(inherited)",
				);
				INFOPLIST_FILE = SRVendorTests/Info.plist;
				LD_RUNPATH_SEARCH_PATHS = "$(inherited) @executable_path/Frameworks @loader_path/Frameworks";
				PRODUCT_NAME = "$(TARGET_NAME)";
			};
			name = Debug;
		};
		F676BB0E1D051F3F0083A75D /* Release */ = {
			isa = XCBuildConfiguration;
			buildSettings = {
				FRAMEWORK_SEARCH_PATHS = (
					"$(SDKROOT)/Developer/Library/Frameworks",
					"$(inherited)",
				);
				INFOPLIST_FILE = SRVendorTests/Info.plist;
				LD_RUNPATH_SEARCH_PATHS = "$(inherited) @executable_path/Frameworks @loader_path/Frameworks";
				PRODUCT_NAME = "$(TARGET_NAME)";
			};
			name = Release;
		};
/* End XCBuildConfiguration section */

/* Begin XCConfigurationList section */
		F676BAED1D051F3E0083A75D /* Build configuration list for PBXProject "SRVendor" */ = {
			isa = XCConfigurationList;
			buildConfigurations = (
				F676BB071D051F3F0083A75D /* Debug */,
				F676BB081D051F3F0083A75D /* Release */,
			);
			defaultConfigurationIsVisible = 0;
			defaultConfigurationName = Release;
		};
		F676BB091D051F3F0083A75D /* Build configuration list for PBXNativeTarget "SRVendor" */ = {
			isa = XCConfigurationList;
			buildConfigurations = (
				F676BB0A1D051F3F0083A75D /* Debug */,
				F676BB0B1D051F3F0083A75D /* Release */,
			);
			defaultConfigurationIsVisible = 0;
			defaultConfigurationName = Release;
		};
		F676BB0C1D051F3F0083A75D /* Build configuration list for PBXNativeTarget "SRVendorTests" */ = {
			isa = XCConfigurationList;
			buildConfigurations = (
				F676BB0D1D051F3F0083A75D /* Debug */,
				F676BB0E1D051F3F0083A75D /* Release */,
			);
			defaultConfigurationIsVisible = 0;
			defaultConfigurationName = Release;
		};
/* End XCConfigurationList section */
	};
	rootObject = F676BAEA1D051F3E0083A75D /* Project object */;
}
